
Microsoft Visual Studio Solution File, Format Version 12.00
# Visual Studio Version 17
VisualStudioVersion = 17.6.33815.320
MinimumVisualStudioVersion = 10.0.40219.1
Project("{FAE04EC0-301F-11D3-BF4B-00C04F79EFBC}") = "Hydrix Engine", "Hydrix Engine.csproj", "{D305FB5D-EF91-4506-8AC9-D1A05AE888AB}"
EndProject
Global
	GlobalSection(SolutionConfigurationPlatforms) = preSolution
		Debug|Any CPU = Debug|Any CPU
		Release|Any CPU = Release|Any CPU
	EndGlobalSection
	GlobalSection(ProjectConfigurationPlatforms) = postSolution
		{D305FB5D-EF91-4506-8AC9-D1A05AE888AB}.Debug|Any CPU.ActiveCfg = Debug|Any CPU
		{D305FB5D-EF91-4506-8AC9-D1A05AE888AB}.Debug|Any CPU.Build.0 = Debug|Any CPU
		{D305FB5D-EF91-4506-8AC9-D1A05AE888AB}.Release|Any CPU.ActiveCfg = Release|Any CPU
		{D305FB5D-EF91-4506-8AC9-D1A05AE888AB}.Release|Any CPU.Build.0 = Release|Any CPU
	EndGlobalSection
	GlobalSection(SolutionProperties) = preSolution
		HideSolutionNode = FALSE
	EndGlobalSection
	GlobalSection(ExtensibilityGlobals) = postSolution
		SolutionGuid = {49A49DFC-0435-4469-83F8-AE13895352E8}
	EndGlobalSection
EndGlobal
