
Microsoft Visual Studio Solution File, Format Version 12.00
# Visual Studio Version 17
VisualStudioVersion = 17.6.33815.320
MinimumVisualStudioVersion = 10.0.40219.1
Project("{FAE04EC0-301F-11D3-BF4B-00C04F79EFBC}") = "Hydrix Renderer", "Hydrix Renderer.csproj", "{B10D9058-B276-42DE-A343-AC22916D0736}"
EndProject
Global
	GlobalSection(SolutionConfigurationPlatforms) = preSolution
		Debug|Any CPU = Debug|Any CPU
		Release|Any CPU = Release|Any CPU
	EndGlobalSection
	GlobalSection(ProjectConfigurationPlatforms) = postSolution
		{B10D9058-B276-42DE-A343-AC22916D0736}.Debug|Any CPU.ActiveCfg = Debug|Any CPU
		{B10D9058-B276-42DE-A343-AC22916D0736}.Debug|Any CPU.Build.0 = Debug|Any CPU
		{B10D9058-B276-42DE-A343-AC22916D0736}.Release|Any CPU.ActiveCfg = Release|Any CPU
		{B10D9058-B276-42DE-A343-AC22916D0736}.Release|Any CPU.Build.0 = Release|Any CPU
	EndGlobalSection
	GlobalSection(SolutionProperties) = preSolution
		HideSolutionNode = FALSE
	EndGlobalSection
	GlobalSection(ExtensibilityGlobals) = postSolution
		SolutionGuid = {E48798D2-EAEC-4B66-B3D6-F014D7026F67}
	EndGlobalSection
EndGlobal
