
Microsoft Visual Studio Solution File, Format Version 12.00
# Visual Studio Version 17
VisualStudioVersion = 17.4.33213.308
MinimumVisualStudioVersion = 10.0.40219.1
Project("{FAE04EC0-301F-11D3-BF4B-00C04F79EFBC}") = "AL", "AL\AL.csproj", "{4F88D0F4-998A-401C-9734-BBEB70388147}"
EndProject
Global
	GlobalSection(SolutionConfigurationPlatforms) = preSolution
		Debug|Any CPU = Debug|Any CPU
		Release|Any CPU = Release|Any CPU
	EndGlobalSection
	GlobalSection(ProjectConfigurationPlatforms) = postSolution
		{4F88D0F4-998A-401C-9734-BBEB70388147}.Debug|Any CPU.ActiveCfg = Debug|Any CPU
		{4F88D0F4-998A-401C-9734-BBEB70388147}.Debug|Any CPU.Build.0 = Debug|Any CPU
		{4F88D0F4-998A-401C-9734-BBEB70388147}.Release|Any CPU.ActiveCfg = Release|Any CPU
		{4F88D0F4-998A-401C-9734-BBEB70388147}.Release|Any CPU.Build.0 = Release|Any CPU
	EndGlobalSection
	GlobalSection(SolutionProperties) = preSolution
		HideSolutionNode = FALSE
	EndGlobalSection
	GlobalSection(ExtensibilityGlobals) = postSolution
		SolutionGuid = {F99412EE-8BF5-48D1-89A7-2F0D4A11FFDA}
	EndGlobalSection
EndGlobal
