
Microsoft Visual Studio Solution File, Format Version 12.00
# Visual Studio Version 17
VisualStudioVersion = 17.6.33815.320
MinimumVisualStudioVersion = 10.0.40219.1
Project("{FAE04EC0-301F-11D3-BF4B-00C04F79EFBC}") = "Zefroin", "Zefroin.csproj", "{F86C4BD4-1160-46B5-B639-68FF051378CE}"
EndProject
Global
	GlobalSection(SolutionConfigurationPlatforms) = preSolution
		Debug|Any CPU = Debug|Any CPU
		Release|Any CPU = Release|Any CPU
	EndGlobalSection
	GlobalSection(ProjectConfigurationPlatforms) = postSolution
		{F86C4BD4-1160-46B5-B639-68FF051378CE}.Debug|Any CPU.ActiveCfg = Debug|Any CPU
		{F86C4BD4-1160-46B5-B639-68FF051378CE}.Debug|Any CPU.Build.0 = Debug|Any CPU
		{F86C4BD4-1160-46B5-B639-68FF051378CE}.Release|Any CPU.ActiveCfg = Release|Any CPU
		{F86C4BD4-1160-46B5-B639-68FF051378CE}.Release|Any CPU.Build.0 = Release|Any CPU
	EndGlobalSection
	GlobalSection(SolutionProperties) = preSolution
		HideSolutionNode = FALSE
	EndGlobalSection
	GlobalSection(ExtensibilityGlobals) = postSolution
		SolutionGuid = {7E3FC177-51FC-479E-8ED7-535C5B7DBF8B}
	EndGlobalSection
EndGlobal
