
Microsoft Visual Studio Solution File, Format Version 12.00
# Visual Studio Version 17
VisualStudioVersion = 17.6.33815.320
MinimumVisualStudioVersion = 10.0.40219.1
Project("{FAE04EC0-301F-11D3-BF4B-00C04F79EFBC}") = "testwpm", "testwpm.csproj", "{51061802-EAE3-46B1-A2A0-A8CB66021EFB}"
EndProject
Global
	GlobalSection(SolutionConfigurationPlatforms) = preSolution
		Debug|Any CPU = Debug|Any CPU
		Release|Any CPU = Release|Any CPU
	EndGlobalSection
	GlobalSection(ProjectConfigurationPlatforms) = postSolution
		{51061802-EAE3-46B1-A2A0-A8CB66021EFB}.Debug|Any CPU.ActiveCfg = Debug|Any CPU
		{51061802-EAE3-46B1-A2A0-A8CB66021EFB}.Debug|Any CPU.Build.0 = Debug|Any CPU
		{51061802-EAE3-46B1-A2A0-A8CB66021EFB}.Release|Any CPU.ActiveCfg = Release|Any CPU
		{51061802-EAE3-46B1-A2A0-A8CB66021EFB}.Release|Any CPU.Build.0 = Release|Any CPU
	EndGlobalSection
	GlobalSection(SolutionProperties) = preSolution
		HideSolutionNode = FALSE
	EndGlobalSection
	GlobalSection(ExtensibilityGlobals) = postSolution
		SolutionGuid = {33BE5EFF-C9EF-4900-B2AA-F1675CA60972}
	EndGlobalSection
EndGlobal
