
Microsoft Visual Studio Solution File, Format Version 12.00
# Visual Studio Version 17
VisualStudioVersion = 17.6.33815.320
MinimumVisualStudioVersion = 10.0.40219.1
Project("{FAE04EC0-301F-11D3-BF4B-00C04F79EFBC}") = "Cosmos GUI Designer", "Cosmos GUI Designer.csproj", "{71700A88-1C23-41FC-810B-EC354E2CDECE}"
EndProject
Global
	GlobalSection(SolutionConfigurationPlatforms) = preSolution
		Debug|Any CPU = Debug|Any CPU
		Release|Any CPU = Release|Any CPU
	EndGlobalSection
	GlobalSection(ProjectConfigurationPlatforms) = postSolution
		{71700A88-1C23-41FC-810B-EC354E2CDECE}.Debug|Any CPU.ActiveCfg = Debug|Any CPU
		{71700A88-1C23-41FC-810B-EC354E2CDECE}.Debug|Any CPU.Build.0 = Debug|Any CPU
		{71700A88-1C23-41FC-810B-EC354E2CDECE}.Release|Any CPU.ActiveCfg = Release|Any CPU
		{71700A88-1C23-41FC-810B-EC354E2CDECE}.Release|Any CPU.Build.0 = Release|Any CPU
	EndGlobalSection
	GlobalSection(SolutionProperties) = preSolution
		HideSolutionNode = FALSE
	EndGlobalSection
	GlobalSection(ExtensibilityGlobals) = postSolution
		SolutionGuid = {9D1D38B8-FB82-40F2-84E9-4004A0CD6B91}
	EndGlobalSection
EndGlobal
