
Microsoft Visual Studio Solution File, Format Version 12.00
# Visual Studio Version 17
VisualStudioVersion = 17.6.33815.320
MinimumVisualStudioVersion = 10.0.40219.1
Project("{FAE04EC0-301F-11D3-BF4B-00C04F79EFBC}") = "Azuri Package Manager APM", "Azuri Package Manager APM.csproj", "{DED88E0E-D50D-4300-8F23-DCE97E6E8047}"
EndProject
Global
	GlobalSection(SolutionConfigurationPlatforms) = preSolution
		Debug|Any CPU = Debug|Any CPU
		Release|Any CPU = Release|Any CPU
	EndGlobalSection
	GlobalSection(ProjectConfigurationPlatforms) = postSolution
		{DED88E0E-D50D-4300-8F23-DCE97E6E8047}.Debug|Any CPU.ActiveCfg = Debug|Any CPU
		{DED88E0E-D50D-4300-8F23-DCE97E6E8047}.Debug|Any CPU.Build.0 = Debug|Any CPU
		{DED88E0E-D50D-4300-8F23-DCE97E6E8047}.Release|Any CPU.ActiveCfg = Release|Any CPU
		{DED88E0E-D50D-4300-8F23-DCE97E6E8047}.Release|Any CPU.Build.0 = Release|Any CPU
	EndGlobalSection
	GlobalSection(SolutionProperties) = preSolution
		HideSolutionNode = FALSE
	EndGlobalSection
	GlobalSection(ExtensibilityGlobals) = postSolution
		SolutionGuid = {1556AB8C-5AA0-42A9-B1DE-E04BAC285742}
	EndGlobalSection
EndGlobal
