
Microsoft Visual Studio Solution File, Format Version 12.00
# Visual Studio Version 17
VisualStudioVersion = 17.6.33815.320
MinimumVisualStudioVersion = 10.0.40219.1
Project("{FAE04EC0-301F-11D3-BF4B-00C04F79EFBC}") = "apc", "apc.csproj", "{DDA82BE4-E66A-4B5B-A9B9-53DF0717AF18}"
EndProject
Global
	GlobalSection(SolutionConfigurationPlatforms) = preSolution
		Debug|Any CPU = Debug|Any CPU
		Release|Any CPU = Release|Any CPU
	EndGlobalSection
	GlobalSection(ProjectConfigurationPlatforms) = postSolution
		{DDA82BE4-E66A-4B5B-A9B9-53DF0717AF18}.Debug|Any CPU.ActiveCfg = Debug|Any CPU
		{DDA82BE4-E66A-4B5B-A9B9-53DF0717AF18}.Debug|Any CPU.Build.0 = Debug|Any CPU
		{DDA82BE4-E66A-4B5B-A9B9-53DF0717AF18}.Release|Any CPU.ActiveCfg = Release|Any CPU
		{DDA82BE4-E66A-4B5B-A9B9-53DF0717AF18}.Release|Any CPU.Build.0 = Release|Any CPU
	EndGlobalSection
	GlobalSection(SolutionProperties) = preSolution
		HideSolutionNode = FALSE
	EndGlobalSection
	GlobalSection(ExtensibilityGlobals) = postSolution
		SolutionGuid = {F5067525-6F4E-4847-9464-997675EF94AD}
	EndGlobalSection
EndGlobal
