
Microsoft Visual Studio Solution File, Format Version 12.00
# Visual Studio Version 17
VisualStudioVersion = 17.4.33213.308
MinimumVisualStudioVersion = 10.0.40219.1
Project("{F184B08F-C81C-45F6-A57F-5ABD9991F28F}") = "AzureOs", "AzureOs\AzureOs.vbproj", "{08235B48-9AFA-4E83-A71B-379381D4E5CC}"
EndProject
Global
	GlobalSection(SolutionConfigurationPlatforms) = preSolution
		Debug|Any CPU = Debug|Any CPU
		Release|Any CPU = Release|Any CPU
	EndGlobalSection
	GlobalSection(ProjectConfigurationPlatforms) = postSolution
		{08235B48-9AFA-4E83-A71B-379381D4E5CC}.Debug|Any CPU.ActiveCfg = Debug|Any CPU
		{08235B48-9AFA-4E83-A71B-379381D4E5CC}.Debug|Any CPU.Build.0 = Debug|Any CPU
		{08235B48-9AFA-4E83-A71B-379381D4E5CC}.Release|Any CPU.ActiveCfg = Release|Any CPU
		{08235B48-9AFA-4E83-A71B-379381D4E5CC}.Release|Any CPU.Build.0 = Release|Any CPU
	EndGlobalSection
	GlobalSection(SolutionProperties) = preSolution
		HideSolutionNode = FALSE
	EndGlobalSection
	GlobalSection(ExtensibilityGlobals) = postSolution
		SolutionGuid = {CE6F0735-DA2E-4512-97D5-4341249074BD}
	EndGlobalSection
EndGlobal
