
Microsoft Visual Studio Solution File, Format Version 12.00
# Visual Studio Version 16
VisualStudioVersion = 16.0.33214.272
MinimumVisualStudioVersion = 10.0.40219.1
Project("{FAE04EC0-301F-11D3-BF4B-00C04F79EFBC}") = "Projectform", "Projectform\Projectform.csproj", "{722C0234-0A37-403C-B144-148E6CD5E9C3}"
EndProject
Global
	GlobalSection(SolutionConfigurationPlatforms) = preSolution
		Debug|Any CPU = Debug|Any CPU
		Release|Any CPU = Release|Any CPU
	EndGlobalSection
	GlobalSection(ProjectConfigurationPlatforms) = postSolution
		{722C0234-0A37-403C-B144-148E6CD5E9C3}.Debug|Any CPU.ActiveCfg = Debug|Any CPU
		{722C0234-0A37-403C-B144-148E6CD5E9C3}.Debug|Any CPU.Build.0 = Debug|Any CPU
		{722C0234-0A37-403C-B144-148E6CD5E9C3}.Release|Any CPU.ActiveCfg = Release|Any CPU
		{722C0234-0A37-403C-B144-148E6CD5E9C3}.Release|Any CPU.Build.0 = Release|Any CPU
	EndGlobalSection
	GlobalSection(SolutionProperties) = preSolution
		HideSolutionNode = FALSE
	EndGlobalSection
	GlobalSection(ExtensibilityGlobals) = postSolution
		SolutionGuid = {9DCF8377-CC5E-40B2-8AB7-495C7E71649F}
	EndGlobalSection
EndGlobal
